
Microsoft Visual Studio Solution File, Format Version 12.00
# Visual Studio Version 17
VisualStudioVersion = 17.14.36203.30 d17.14
MinimumVisualStudioVersion = 10.0.40219.1
Project("{FAE04EC0-301F-11D3-BF4B-00C04F79EFBC}") = "MyCoreApp", "MyCoreApp\MyCoreApp.csproj", "{F7EEBD20-9E46-48D3-BBD4-1B3B1005BAF7}"
EndProject
Global
	GlobalSection(SolutionConfigurationPlatforms) = preSolution
		Debug|Any CPU = Debug|Any CPU
		Release|Any CPU = Release|Any CPU
	EndGlobalSection
	GlobalSection(ProjectConfigurationPlatforms) = postSolution
		{F7EEBD20-9E46-48D3-BBD4-1B3B1005BAF7}.Debug|Any CPU.ActiveCfg = Debug|Any CPU
		{F7EEBD20-9E46-48D3-BBD4-1B3B1005BAF7}.Debug|Any CPU.Build.0 = Debug|Any CPU
		{F7EEBD20-9E46-48D3-BBD4-1B3B1005BAF7}.Release|Any CPU.ActiveCfg = Release|Any CPU
		{F7EEBD20-9E46-48D3-BBD4-1B3B1005BAF7}.Release|Any CPU.Build.0 = Release|Any CPU
	EndGlobalSection
	GlobalSection(SolutionProperties) = preSolution
		HideSolutionNode = FALSE
	EndGlobalSection
	GlobalSection(ExtensibilityGlobals) = postSolution
		SolutionGuid = {D2F3452B-D245-43CB-A0F0-EF95C07A07E5}
	EndGlobalSection
EndGlobal
